
Microsoft Visual Studio Solution File, Format Version 12.00
# Visual Studio Version 17
VisualStudioVersion = 17.0.31903.59
MinimumVisualStudioVersion = 10.0.40219.1
Project("{FAE04EC0-301F-11D3-BF4B-00C04F79EFBC}") = "TransactionManagementService.Domain", "TransactionManagementService.Domain\TransactionManagementService.Domain.csproj", "{8A798ABA-3EB4-4A57-A24E-8B9F053B6548}"
EndProject
Project("{FAE04EC0-301F-11D3-BF4B-00C04F79EFBC}") = "TransactionManagementService.Application", "TransactionManagementService.Application\TransactionManagementService.Application.csproj", "{9CB8D232-D05F-4256-87D9-A10245B0B565}"
EndProject
Project("{FAE04EC0-301F-11D3-BF4B-00C04F79EFBC}") = "TransactionManagementService.Infrastructure", "TransactionManagementService.Infrastructure\TransactionManagementService.Infrastructure.csproj", "{09BD2C82-F972-4FAE-8581-CC3E93FF14C1}"
EndProject
Project("{FAE04EC0-301F-11D3-BF4B-00C04F79EFBC}") = "TransactionManagementService.Tests", "TransactionManagementService.Tests\TransactionManagementService.Tests.csproj", "{DD00D841-7037-4792-85F0-850D2373F76F}"
EndProject
Global
	GlobalSection(SolutionConfigurationPlatforms) = preSolution
		Debug|Any CPU = Debug|Any CPU
		Debug|x64 = Debug|x64
		Debug|x86 = Debug|x86
		Release|Any CPU = Release|Any CPU
		Release|x64 = Release|x64
		Release|x86 = Release|x86
	EndGlobalSection
	GlobalSection(ProjectConfigurationPlatforms) = postSolution
		{8A798ABA-3EB4-4A57-A24E-8B9F053B6548}.Debug|Any CPU.ActiveCfg = Debug|Any CPU
		{8A798ABA-3EB4-4A57-A24E-8B9F053B6548}.Debug|Any CPU.Build.0 = Debug|Any CPU
		{8A798ABA-3EB4-4A57-A24E-8B9F053B6548}.Debug|x64.ActiveCfg = Debug|Any CPU
		{8A798ABA-3EB4-4A57-A24E-8B9F053B6548}.Debug|x64.Build.0 = Debug|Any CPU
		{8A798ABA-3EB4-4A57-A24E-8B9F053B6548}.Debug|x86.ActiveCfg = Debug|Any CPU
		{8A798ABA-3EB4-4A57-A24E-8B9F053B6548}.Debug|x86.Build.0 = Debug|Any CPU
		{8A798ABA-3EB4-4A57-A24E-8B9F053B6548}.Release|Any CPU.ActiveCfg = Release|Any CPU
		{8A798ABA-3EB4-4A57-A24E-8B9F053B6548}.Release|Any CPU.Build.0 = Release|Any CPU
		{8A798ABA-3EB4-4A57-A24E-8B9F053B6548}.Release|x64.ActiveCfg = Release|Any CPU
		{8A798ABA-3EB4-4A57-A24E-8B9F053B6548}.Release|x64.Build.0 = Release|Any CPU
		{8A798ABA-3EB4-4A57-A24E-8B9F053B6548}.Release|x86.ActiveCfg = Release|Any CPU
		{8A798ABA-3EB4-4A57-A24E-8B9F053B6548}.Release|x86.Build.0 = Release|Any CPU
		{9CB8D232-D05F-4256-87D9-A10245B0B565}.Debug|Any CPU.ActiveCfg = Debug|Any CPU
		{9CB8D232-D05F-4256-87D9-A10245B0B565}.Debug|Any CPU.Build.0 = Debug|Any CPU
		{9CB8D232-D05F-4256-87D9-A10245B0B565}.Debug|x64.ActiveCfg = Debug|Any CPU
		{9CB8D232-D05F-4256-87D9-A10245B0B565}.Debug|x64.Build.0 = Debug|Any CPU
		{9CB8D232-D05F-4256-87D9-A10245B0B565}.Debug|x86.ActiveCfg = Debug|Any CPU
		{9CB8D232-D05F-4256-87D9-A10245B0B565}.Debug|x86.Build.0 = Debug|Any CPU
		{9CB8D232-D05F-4256-87D9-A10245B0B565}.Release|Any CPU.ActiveCfg = Release|Any CPU
		{9CB8D232-D05F-4256-87D9-A10245B0B565}.Release|Any CPU.Build.0 = Release|Any CPU
		{9CB8D232-D05F-4256-87D9-A10245B0B565}.Release|x64.ActiveCfg = Release|Any CPU
		{9CB8D232-D05F-4256-87D9-A10245B0B565}.Release|x64.Build.0 = Release|Any CPU
		{9CB8D232-D05F-4256-87D9-A10245B0B565}.Release|x86.ActiveCfg = Release|Any CPU
		{9CB8D232-D05F-4256-87D9-A10245B0B565}.Release|x86.Build.0 = Release|Any CPU
		{09BD2C82-F972-4FAE-8581-CC3E93FF14C1}.Debug|Any CPU.ActiveCfg = Debug|Any CPU
		{09BD2C82-F972-4FAE-8581-CC3E93FF14C1}.Debug|Any CPU.Build.0 = Debug|Any CPU
		{09BD2C82-F972-4FAE-8581-CC3E93FF14C1}.Debug|x64.ActiveCfg = Debug|Any CPU
		{09BD2C82-F972-4FAE-8581-CC3E93FF14C1}.Debug|x64.Build.0 = Debug|Any CPU
		{09BD2C82-F972-4FAE-8581-CC3E93FF14C1}.Debug|x86.ActiveCfg = Debug|Any CPU
		{09BD2C82-F972-4FAE-8581-CC3E93FF14C1}.Debug|x86.Build.0 = Debug|Any CPU
		{09BD2C82-F972-4FAE-8581-CC3E93FF14C1}.Release|Any CPU.ActiveCfg = Release|Any CPU
		{09BD2C82-F972-4FAE-8581-CC3E93FF14C1}.Release|Any CPU.Build.0 = Release|Any CPU
		{09BD2C82-F972-4FAE-8581-CC3E93FF14C1}.Release|x64.ActiveCfg = Release|Any CPU
		{09BD2C82-F972-4FAE-8581-CC3E93FF14C1}.Release|x64.Build.0 = Release|Any CPU
		{09BD2C82-F972-4FAE-8581-CC3E93FF14C1}.Release|x86.ActiveCfg = Release|Any CPU
		{09BD2C82-F972-4FAE-8581-CC3E93FF14C1}.Release|x86.Build.0 = Release|Any CPU
		{DD00D841-7037-4792-85F0-850D2373F76F}.Debug|Any CPU.ActiveCfg = Debug|Any CPU
		{DD00D841-7037-4792-85F0-850D2373F76F}.Debug|Any CPU.Build.0 = Debug|Any CPU
		{DD00D841-7037-4792-85F0-850D2373F76F}.Debug|x64.ActiveCfg = Debug|Any CPU
		{DD00D841-7037-4792-85F0-850D2373F76F}.Debug|x64.Build.0 = Debug|Any CPU
		{DD00D841-7037-4792-85F0-850D2373F76F}.Debug|x86.ActiveCfg = Debug|Any CPU
		{DD00D841-7037-4792-85F0-850D2373F76F}.Debug|x86.Build.0 = Debug|Any CPU
		{DD00D841-7037-4792-85F0-850D2373F76F}.Release|Any CPU.ActiveCfg = Release|Any CPU
		{DD00D841-7037-4792-85F0-850D2373F76F}.Release|Any CPU.Build.0 = Release|Any CPU
		{DD00D841-7037-4792-85F0-850D2373F76F}.Release|x64.ActiveCfg = Release|Any CPU
		{DD00D841-7037-4792-85F0-850D2373F76F}.Release|x64.Build.0 = Release|Any CPU
		{DD00D841-7037-4792-85F0-850D2373F76F}.Release|x86.ActiveCfg = Release|Any CPU
		{DD00D841-7037-4792-85F0-850D2373F76F}.Release|x86.Build.0 = Release|Any CPU
	EndGlobalSection
	GlobalSection(SolutionProperties) = preSolution
		HideSolutionNode = FALSE
	EndGlobalSection
EndGlobal
